
Microsoft Visual Studio Solution File, Format Version 12.00
# Visual Studio Version 17
VisualStudioVersion = 17.1.32210.238
MinimumVisualStudioVersion = 10.0.40219.1
Project("{9A19103F-16F7-4668-BE54-9A1E7A4F7556}") = "Backend", "Backend\Backend.csproj", "{9FE34B5F-2ABA-4D0B-BF86-11EFA9A0D81B}"
EndProject
Project("{FAE04EC0-301F-11D3-BF4B-00C04F79EFBC}") = "Backend.Data", "Backend.Data\Backend.Data.csproj", "{A324DAEB-E007-4979-82B5-D90C7DFAC905}"
EndProject
Global
	GlobalSection(SolutionConfigurationPlatforms) = preSolution
		Debug|Any CPU = Debug|Any CPU
		Release|Any CPU = Release|Any CPU
	EndGlobalSection
	GlobalSection(ProjectConfigurationPlatforms) = postSolution
		{9FE34B5F-2ABA-4D0B-BF86-11EFA9A0D81B}.Debug|Any CPU.ActiveCfg = Debug|Any CPU
		{9FE34B5F-2ABA-4D0B-BF86-11EFA9A0D81B}.Debug|Any CPU.Build.0 = Debug|Any CPU
		{9FE34B5F-2ABA-4D0B-BF86-11EFA9A0D81B}.Release|Any CPU.ActiveCfg = Release|Any CPU
		{9FE34B5F-2ABA-4D0B-BF86-11EFA9A0D81B}.Release|Any CPU.Build.0 = Release|Any CPU
		{A324DAEB-E007-4979-82B5-D90C7DFAC905}.Debug|Any CPU.ActiveCfg = Debug|Any CPU
		{A324DAEB-E007-4979-82B5-D90C7DFAC905}.Debug|Any CPU.Build.0 = Debug|Any CPU
		{A324DAEB-E007-4979-82B5-D90C7DFAC905}.Release|Any CPU.ActiveCfg = Release|Any CPU
		{A324DAEB-E007-4979-82B5-D90C7DFAC905}.Release|Any CPU.Build.0 = Release|Any CPU
	EndGlobalSection
	GlobalSection(SolutionProperties) = preSolution
		HideSolutionNode = FALSE
	EndGlobalSection
	GlobalSection(ExtensibilityGlobals) = postSolution
		SolutionGuid = {74C5C148-3D54-462A-9B92-29023A2B51DB}
	EndGlobalSection
EndGlobal
